// !$*UTF8*$!
{
	archiveVersion = 1;
	classes = {
	};
	objectVersion = 46;
	objects = {

/* Begin PBXBuildFile section */
		670B831B181F914900382C60 /* ofxDAQButton.cpp in Sources */ = {isa = PBXBuildFile; fileRef = 670B8319181F914800382C60 /* ofxDAQButton.cpp */; };
		671B3F19181BDD0000CCF71C /* PressAltSensor.cpp in Sources */ = {isa = PBXBuildFile; fileRef = 671B3F17181BDCFF00CCF71C /* PressAltSensor.cpp */; };
		671B3F1C181BE9D900CCF71C /* TempHumidSensor.cpp in Sources */ = {isa = PBXBuildFile; fileRef = 671B3F1A181BE9D900CCF71C /* TempHumidSensor.cpp */; };
		671B3F1F181BEA1000CCF71C /* ColorSensor.cpp in Sources */ = {isa = PBXBuildFile; fileRef = 671B3F1D181BEA0F00CCF71C /* ColorSensor.cpp */; };
		671B3F22181BEA1900CCF71C /* LuxSensor.cpp in Sources */ = {isa = PBXBuildFile; fileRef = 671B3F20181BEA1900CCF71C /* LuxSensor.cpp */; };
		671B3F25181BEE6F00CCF71C /* TouchSensor.cpp in Sources */ = {isa = PBXBuildFile; fileRef = 671B3F23181BEE6F00CCF71C /* TouchSensor.cpp */; };
		671B3F30181C12F200CCF71C /* CreEPS.cpp in Sources */ = {isa = PBXBuildFile; fileRef = 671B3F2A181C12F200CCF71C /* CreEPS.cpp */; };
		671B3F31181C12F200CCF71C /* ofxVectorGraphics.cpp in Sources */ = {isa = PBXBuildFile; fileRef = 671B3F2E181C12F200CCF71C /* ofxVectorGraphics.cpp */; };
		671B3F37181C216900CCF71C /* ofxTimer.cpp in Sources */ = {isa = PBXBuildFile; fileRef = 671B3F35181C216900CCF71C /* ofxTimer.cpp */; };
		6747D8B1182296D2005A37A6 /* ofxTCPClient.cpp in Sources */ = {isa = PBXBuildFile; fileRef = 6747D8A9182296D2005A37A6 /* ofxTCPClient.cpp */; };
		6747D8B2182296D2005A37A6 /* ofxTCPManager.cpp in Sources */ = {isa = PBXBuildFile; fileRef = 6747D8AB182296D2005A37A6 /* ofxTCPManager.cpp */; };
		6747D8B3182296D2005A37A6 /* ofxTCPServer.cpp in Sources */ = {isa = PBXBuildFile; fileRef = 6747D8AD182296D2005A37A6 /* ofxTCPServer.cpp */; };
		6747D8B4182296D2005A37A6 /* ofxUDPManager.cpp in Sources */ = {isa = PBXBuildFile; fileRef = 6747D8AF182296D2005A37A6 /* ofxUDPManager.cpp */; };
		6751364318192035007EC293 /* ofxPlotButton.cpp in Sources */ = {isa = PBXBuildFile; fileRef = 6751364218192035007EC293 /* ofxPlotButton.cpp */; };
		6751364918196B3B007EC293 /* ofxPlotUtil.cpp in Sources */ = {isa = PBXBuildFile; fileRef = 6751364818196B3B007EC293 /* ofxPlotUtil.cpp */; };
		6751364F181999F5007EC293 /* MotionSensor2D.cpp in Sources */ = {isa = PBXBuildFile; fileRef = 6751364E181999F5007EC293 /* MotionSensor2D.cpp */; };
		675136561819A068007EC293 /* Sensor.cpp in Sources */ = {isa = PBXBuildFile; fileRef = 675136551819A068007EC293 /* Sensor.cpp */; };
		67A4E4ED1830C3E200588E56 /* DemoViewer.cpp in Sources */ = {isa = PBXBuildFile; fileRef = 67A4E4EB1830C3E200588E56 /* DemoViewer.cpp */; };
		67C6A893180AC20A00B290AB /* ofxPlot.cpp in Sources */ = {isa = PBXBuildFile; fileRef = 67C6A892180AC20A00B290AB /* ofxPlot.cpp */; };
		67C6A896180AC23400B290AB /* ofxPlotLine.cpp in Sources */ = {isa = PBXBuildFile; fileRef = 67C6A895180AC23400B290AB /* ofxPlotLine.cpp */; };
		67CC8978181AC0BC002AC1A4 /* assimp.a in Frameworks */ = {isa = PBXBuildFile; fileRef = 67CC896D181AC0BC002AC1A4 /* assimp.a */; };
		67CC8979181AC0BC002AC1A4 /* ofxAssimpAnimation.cpp in Sources */ = {isa = PBXBuildFile; fileRef = 67CC896F181AC0BC002AC1A4 /* ofxAssimpAnimation.cpp */; };
		67CC897A181AC0BC002AC1A4 /* ofxAssimpMeshHelper.cpp in Sources */ = {isa = PBXBuildFile; fileRef = 67CC8971181AC0BC002AC1A4 /* ofxAssimpMeshHelper.cpp */; };
		67CC897B181AC0BC002AC1A4 /* ofxAssimpModelLoader.cpp in Sources */ = {isa = PBXBuildFile; fileRef = 67CC8973181AC0BC002AC1A4 /* ofxAssimpModelLoader.cpp */; };
		67CC897C181AC0BC002AC1A4 /* ofxAssimpTexture.cpp in Sources */ = {isa = PBXBuildFile; fileRef = 67CC8975181AC0BC002AC1A4 /* ofxAssimpTexture.cpp */; };
		67CC897F181AC253002AC1A4 /* MotionSensor3D.cpp in Sources */ = {isa = PBXBuildFile; fileRef = 67CC897E181AC253002AC1A4 /* MotionSensor3D.cpp */; };
		67CDA0D918165479003FF7EE /* ofxPlotSlider.cpp in Sources */ = {isa = PBXBuildFile; fileRef = 67CDA0D818165479003FF7EE /* ofxPlotSlider.cpp */; };
		67F799741820FC4B0028C43C /* NavigationMenu.cpp in Sources */ = {isa = PBXBuildFile; fileRef = 67F799721820FC4A0028C43C /* NavigationMenu.cpp */; };
		BBAB23CB13894F3D00AA2426 /* GLUT.framework in CopyFiles */ = {isa = PBXBuildFile; fileRef = BBAB23BE13894E4700AA2426 /* GLUT.framework */; };
		E4328149138ABC9F0047C5CB /* openFrameworksDebug.a in Frameworks */ = {isa = PBXBuildFile; fileRef = E4328148138ABC890047C5CB /* openFrameworksDebug.a */; };
		E45BE97B0E8CC7DD009D7055 /* AGL.framework in Frameworks */ = {isa = PBXBuildFile; fileRef = E45BE9710E8CC7DD009D7055 /* AGL.framework */; };
		E45BE97C0E8CC7DD009D7055 /* ApplicationServices.framework in Frameworks */ = {isa = PBXBuildFile; fileRef = E45BE9720E8CC7DD009D7055 /* ApplicationServices.framework */; };
		E45BE97D0E8CC7DD009D7055 /* AudioToolbox.framework in Frameworks */ = {isa = PBXBuildFile; fileRef = E45BE9730E8CC7DD009D7055 /* AudioToolbox.framework */; };
		E45BE97E0E8CC7DD009D7055 /* Carbon.framework in Frameworks */ = {isa = PBXBuildFile; fileRef = E45BE9740E8CC7DD009D7055 /* Carbon.framework */; };
		E45BE97F0E8CC7DD009D7055 /* CoreAudio.framework in Frameworks */ = {isa = PBXBuildFile; fileRef = E45BE9750E8CC7DD009D7055 /* CoreAudio.framework */; };
		E45BE9800E8CC7DD009D7055 /* CoreFoundation.framework in Frameworks */ = {isa = PBXBuildFile; fileRef = E45BE9760E8CC7DD009D7055 /* CoreFoundation.framework */; };
		E45BE9810E8CC7DD009D7055 /* CoreServices.framework in Frameworks */ = {isa = PBXBuildFile; fileRef = E45BE9770E8CC7DD009D7055 /* CoreServices.framework */; };
		E45BE9830E8CC7DD009D7055 /* OpenGL.framework in Frameworks */ = {isa = PBXBuildFile; fileRef = E45BE9790E8CC7DD009D7055 /* OpenGL.framework */; };
		E45BE9840E8CC7DD009D7055 /* QuickTime.framework in Frameworks */ = {isa = PBXBuildFile; fileRef = E45BE97A0E8CC7DD009D7055 /* QuickTime.framework */; };
		E4B69E200A3A1BDC003C02F2 /* main.cpp in Sources */ = {isa = PBXBuildFile; fileRef = E4B69E1D0A3A1BDC003C02F2 /* main.cpp */; };
		E4B69E210A3A1BDC003C02F2 /* testApp.cpp in Sources */ = {isa = PBXBuildFile; fileRef = E4B69E1E0A3A1BDC003C02F2 /* testApp.cpp */; };
		E4C2424710CC5A17004149E2 /* AppKit.framework in Frameworks */ = {isa = PBXBuildFile; fileRef = E4C2424410CC5A17004149E2 /* AppKit.framework */; };
		E4C2424810CC5A17004149E2 /* Cocoa.framework in Frameworks */ = {isa = PBXBuildFile; fileRef = E4C2424510CC5A17004149E2 /* Cocoa.framework */; };
		E4C2424910CC5A17004149E2 /* IOKit.framework in Frameworks */ = {isa = PBXBuildFile; fileRef = E4C2424610CC5A17004149E2 /* IOKit.framework */; };
		E4EB6799138ADC1D00A09F29 /* GLUT.framework in Frameworks */ = {isa = PBXBuildFile; fileRef = BBAB23BE13894E4700AA2426 /* GLUT.framework */; };
		E7E077E515D3B63C0020DFD4 /* CoreVideo.framework in Frameworks */ = {isa = PBXBuildFile; fileRef = E7E077E415D3B63C0020DFD4 /* CoreVideo.framework */; };
		E7E077E815D3B6510020DFD4 /* QTKit.framework in Frameworks */ = {isa = PBXBuildFile; fileRef = E7E077E715D3B6510020DFD4 /* QTKit.framework */; };
		E7F985F815E0DEA3003869B5 /* Accelerate.framework in Frameworks */ = {isa = PBXBuildFile; fileRef = E7F985F515E0DE99003869B5 /* Accelerate.framework */; };
/* End PBXBuildFile section */

/* Begin PBXContainerItemProxy section */
		E4328147138ABC890047C5CB /* PBXContainerItemProxy */ = {
			isa = PBXContainerItemProxy;
			containerPortal = E4328143138ABC890047C5CB /* openFrameworksLib.xcodeproj */;
			proxyType = 2;
			remoteGlobalIDString = E4B27C1510CBEB8E00536013;
			remoteInfo = openFrameworks;
		};
		E4EEB9AB138B136A00A80321 /* PBXContainerItemProxy */ = {
			isa = PBXContainerItemProxy;
			containerPortal = E4328143138ABC890047C5CB /* openFrameworksLib.xcodeproj */;
			proxyType = 1;
			remoteGlobalIDString = E4B27C1410CBEB8E00536013;
			remoteInfo = openFrameworks;
		};
/* End PBXContainerItemProxy section */

/* Begin PBXCopyFilesBuildPhase section */
		E4C2427710CC5ABF004149E2 /* CopyFiles */ = {
			isa = PBXCopyFilesBuildPhase;
			buildActionMask = 2147483647;
			dstPath = "";
			dstSubfolderSpec = 10;
			files = (
				BBAB23CB13894F3D00AA2426 /* GLUT.framework in CopyFiles */,
			);
			runOnlyForDeploymentPostprocessing = 0;
		};
/* End PBXCopyFilesBuildPhase section */

/* Begin PBXFileReference section */
		670B8315181F57ED00382C60 /* LightingDataVisualizerDebug.app */ = {isa = PBXFileReference; explicitFileType = wrapper.application; includeInIndex = 0; path = LightingDataVisualizerDebug.app; sourceTree = BUILT_PRODUCTS_DIR; };
		670B8319181F914800382C60 /* ofxDAQButton.cpp */ = {isa = PBXFileReference; fileEncoding = 4; lastKnownFileType = sourcecode.cpp.cpp; path = ofxDAQButton.cpp; sourceTree = "<group>"; };
		670B831A181F914800382C60 /* ofxDAQButton.h */ = {isa = PBXFileReference; fileEncoding = 4; lastKnownFileType = sourcecode.c.h; path = ofxDAQButton.h; sourceTree = "<group>"; };
		671B3F17181BDCFF00CCF71C /* PressAltSensor.cpp */ = {isa = PBXFileReference; fileEncoding = 4; lastKnownFileType = sourcecode.cpp.cpp; path = PressAltSensor.cpp; sourceTree = "<group>"; };
		671B3F18181BDCFF00CCF71C /* PressAltSensor.h */ = {isa = PBXFileReference; fileEncoding = 4; lastKnownFileType = sourcecode.c.h; path = PressAltSensor.h; sourceTree = "<group>"; };
		671B3F1A181BE9D900CCF71C /* TempHumidSensor.cpp */ = {isa = PBXFileReference; fileEncoding = 4; lastKnownFileType = sourcecode.cpp.cpp; path = TempHumidSensor.cpp; sourceTree = "<group>"; };
		671B3F1B181BE9D900CCF71C /* TempHumidSensor.h */ = {isa = PBXFileReference; fileEncoding = 4; lastKnownFileType = sourcecode.c.h; path = TempHumidSensor.h; sourceTree = "<group>"; };
		671B3F1D181BEA0F00CCF71C /* ColorSensor.cpp */ = {isa = PBXFileReference; fileEncoding = 4; lastKnownFileType = sourcecode.cpp.cpp; path = ColorSensor.cpp; sourceTree = "<group>"; };
		671B3F1E181BEA0F00CCF71C /* ColorSensor.h */ = {isa = PBXFileReference; fileEncoding = 4; lastKnownFileType = sourcecode.c.h; path = ColorSensor.h; sourceTree = "<group>"; };
		671B3F20181BEA1900CCF71C /* LuxSensor.cpp */ = {isa = PBXFileReference; fileEncoding = 4; lastKnownFileType = sourcecode.cpp.cpp; path = LuxSensor.cpp; sourceTree = "<group>"; };
		671B3F21181BEA1900CCF71C /* LuxSensor.h */ = {isa = PBXFileReference; fileEncoding = 4; lastKnownFileType = sourcecode.c.h; path = LuxSensor.h; sourceTree = "<group>"; };
		671B3F23181BEE6F00CCF71C /* TouchSensor.cpp */ = {isa = PBXFileReference; fileEncoding = 4; lastKnownFileType = sourcecode.cpp.cpp; path = TouchSensor.cpp; sourceTree = "<group>"; };
		671B3F24181BEE6F00CCF71C /* TouchSensor.h */ = {isa = PBXFileReference; fileEncoding = 4; lastKnownFileType = sourcecode.c.h; path = TouchSensor.h; sourceTree = "<group>"; };
		671B3F2A181C12F200CCF71C /* CreEPS.cpp */ = {isa = PBXFileReference; fileEncoding = 4; lastKnownFileType = sourcecode.cpp.cpp; path = CreEPS.cpp; sourceTree = "<group>"; };
		671B3F2B181C12F200CCF71C /* CreEPS.hpp */ = {isa = PBXFileReference; fileEncoding = 4; lastKnownFileType = sourcecode.cpp.h; path = CreEPS.hpp; sourceTree = "<group>"; };
		671B3F2C181C12F200CCF71C /* CreEPS_Types.hpp */ = {isa = PBXFileReference; fileEncoding = 4; lastKnownFileType = sourcecode.cpp.h; path = CreEPS_Types.hpp; sourceTree = "<group>"; };
		671B3F2E181C12F200CCF71C /* ofxVectorGraphics.cpp */ = {isa = PBXFileReference; fileEncoding = 4; lastKnownFileType = sourcecode.cpp.cpp; path = ofxVectorGraphics.cpp; sourceTree = "<group>"; };
		671B3F2F181C12F200CCF71C /* ofxVectorGraphics.h */ = {isa = PBXFileReference; fileEncoding = 4; lastKnownFileType = sourcecode.c.h; path = ofxVectorGraphics.h; sourceTree = "<group>"; };
		671B3F35181C216900CCF71C /* ofxTimer.cpp */ = {isa = PBXFileReference; fileEncoding = 4; lastKnownFileType = sourcecode.cpp.cpp; path = ofxTimer.cpp; sourceTree = "<group>"; };
		671B3F36181C216900CCF71C /* ofxTimer.h */ = {isa = PBXFileReference; fileEncoding = 4; lastKnownFileType = sourcecode.c.h; path = ofxTimer.h; sourceTree = "<group>"; };
		6747D8A5182296D2005A37A6 /* Instructions.txt */ = {isa = PBXFileReference; fileEncoding = 4; lastKnownFileType = text; path = Instructions.txt; sourceTree = "<group>"; };
		6747D8A7182296D2005A37A6 /* ofxNetwork.h */ = {isa = PBXFileReference; fileEncoding = 4; lastKnownFileType = sourcecode.c.h; path = ofxNetwork.h; sourceTree = "<group>"; };
		6747D8A8182296D2005A37A6 /* ofxNetworkUtils.h */ = {isa = PBXFileReference; fileEncoding = 4; lastKnownFileType = sourcecode.c.h; path = ofxNetworkUtils.h; sourceTree = "<group>"; };
		6747D8A9182296D2005A37A6 /* ofxTCPClient.cpp */ = {isa = PBXFileReference; fileEncoding = 4; lastKnownFileType = sourcecode.cpp.cpp; path = ofxTCPClient.cpp; sourceTree = "<group>"; };
		6747D8AA182296D2005A37A6 /* ofxTCPClient.h */ = {isa = PBXFileReference; fileEncoding = 4; lastKnownFileType = sourcecode.c.h; path = ofxTCPClient.h; sourceTree = "<group>"; };
		6747D8AB182296D2005A37A6 /* ofxTCPManager.cpp */ = {isa = PBXFileReference; fileEncoding = 4; lastKnownFileType = sourcecode.cpp.cpp; path = ofxTCPManager.cpp; sourceTree = "<group>"; };
		6747D8AC182296D2005A37A6 /* ofxTCPManager.h */ = {isa = PBXFileReference; fileEncoding = 4; lastKnownFileType = sourcecode.c.h; path = ofxTCPManager.h; sourceTree = "<group>"; };
		6747D8AD182296D2005A37A6 /* ofxTCPServer.cpp */ = {isa = PBXFileReference; fileEncoding = 4; lastKnownFileType = sourcecode.cpp.cpp; path = ofxTCPServer.cpp; sourceTree = "<group>"; };
		6747D8AE182296D2005A37A6 /* ofxTCPServer.h */ = {isa = PBXFileReference; fileEncoding = 4; lastKnownFileType = sourcecode.c.h; path = ofxTCPServer.h; sourceTree = "<group>"; };
		6747D8AF182296D2005A37A6 /* ofxUDPManager.cpp */ = {isa = PBXFileReference; fileEncoding = 4; lastKnownFileType = sourcecode.cpp.cpp; path = ofxUDPManager.cpp; sourceTree = "<group>"; };
		6747D8B0182296D2005A37A6 /* ofxUDPManager.h */ = {isa = PBXFileReference; fileEncoding = 4; lastKnownFileType = sourcecode.c.h; path = ofxUDPManager.h; sourceTree = "<group>"; };
		6751364118192025007EC293 /* ofxPlotButton.h */ = {isa = PBXFileReference; lastKnownFileType = sourcecode.c.h; path = ofxPlotButton.h; sourceTree = "<group>"; };
		6751364218192035007EC293 /* ofxPlotButton.cpp */ = {isa = PBXFileReference; fileEncoding = 4; lastKnownFileType = sourcecode.cpp.cpp; path = ofxPlotButton.cpp; sourceTree = "<group>"; };
		6751364718196B2C007EC293 /* ofxPlotUtil.h */ = {isa = PBXFileReference; lastKnownFileType = sourcecode.c.h; path = ofxPlotUtil.h; sourceTree = "<group>"; };
		6751364818196B3B007EC293 /* ofxPlotUtil.cpp */ = {isa = PBXFileReference; fileEncoding = 4; lastKnownFileType = sourcecode.cpp.cpp; path = ofxPlotUtil.cpp; sourceTree = "<group>"; };
		6751364D181999E9007EC293 /* MotionSensor2D.h */ = {isa = PBXFileReference; lastKnownFileType = sourcecode.c.h; path = MotionSensor2D.h; sourceTree = "<group>"; };
		6751364E181999F5007EC293 /* MotionSensor2D.cpp */ = {isa = PBXFileReference; fileEncoding = 4; lastKnownFileType = sourcecode.cpp.cpp; path = MotionSensor2D.cpp; sourceTree = "<group>"; };
		6751365018199AD3007EC293 /* ETRILighting.h */ = {isa = PBXFileReference; lastKnownFileType = sourcecode.c.h; path = ETRILighting.h; sourceTree = "<group>"; };
		675136541819A05A007EC293 /* Sensor.h */ = {isa = PBXFileReference; lastKnownFileType = sourcecode.c.h; path = Sensor.h; sourceTree = "<group>"; };
		675136551819A068007EC293 /* Sensor.cpp */ = {isa = PBXFileReference; fileEncoding = 4; lastKnownFileType = sourcecode.cpp.cpp; path = Sensor.cpp; sourceTree = "<group>"; };
		67A4E4EB1830C3E200588E56 /* DemoViewer.cpp */ = {isa = PBXFileReference; fileEncoding = 4; lastKnownFileType = sourcecode.cpp.cpp; path = DemoViewer.cpp; sourceTree = "<group>"; };
		67A4E4EC1830C3E200588E56 /* DemoViewer.h */ = {isa = PBXFileReference; fileEncoding = 4; lastKnownFileType = sourcecode.c.h; path = DemoViewer.h; sourceTree = "<group>"; };
		67C6A891180AC1F600B290AB /* ofxPlot.h */ = {isa = PBXFileReference; lastKnownFileType = sourcecode.c.h; path = ofxPlot.h; sourceTree = "<group>"; };
		67C6A892180AC20A00B290AB /* ofxPlot.cpp */ = {isa = PBXFileReference; fileEncoding = 4; lastKnownFileType = sourcecode.cpp.cpp; path = ofxPlot.cpp; sourceTree = "<group>"; };
		67C6A894180AC22200B290AB /* ofxPlotLine.h */ = {isa = PBXFileReference; lastKnownFileType = sourcecode.c.h; path = ofxPlotLine.h; sourceTree = "<group>"; };
		67C6A895180AC23400B290AB /* ofxPlotLine.cpp */ = {isa = PBXFileReference; fileEncoding = 4; lastKnownFileType = sourcecode.cpp.cpp; path = ofxPlotLine.cpp; sourceTree = "<group>"; };
		67CC8942181AC0BC002AC1A4 /* addon_config.mk */ = {isa = PBXFileReference; fileEncoding = 4; lastKnownFileType = text; path = addon_config.mk; sourceTree = "<group>"; };
		67CC8946181AC0BC002AC1A4 /* aiAnim.h */ = {isa = PBXFileReference; fileEncoding = 4; lastKnownFileType = sourcecode.c.h; path = aiAnim.h; sourceTree = "<group>"; };
		67CC8947181AC0BC002AC1A4 /* aiAssert.h */ = {isa = PBXFileReference; fileEncoding = 4; lastKnownFileType = sourcecode.c.h; path = aiAssert.h; sourceTree = "<group>"; };
		67CC8948181AC0BC002AC1A4 /* aiCamera.h */ = {isa = PBXFileReference; fileEncoding = 4; lastKnownFileType = sourcecode.c.h; path = aiCamera.h; sourceTree = "<group>"; };
		67CC8949181AC0BC002AC1A4 /* aiColor4D.h */ = {isa = PBXFileReference; fileEncoding = 4; lastKnownFileType = sourcecode.c.h; path = aiColor4D.h; sourceTree = "<group>"; };
		67CC894A181AC0BC002AC1A4 /* aiColor4D.inl */ = {isa = PBXFileReference; fileEncoding = 4; lastKnownFileType = text; path = aiColor4D.inl; sourceTree = "<group>"; };
		67CC894B181AC0BC002AC1A4 /* aiConfig.h */ = {isa = PBXFileReference; fileEncoding = 4; lastKnownFileType = sourcecode.c.h; path = aiConfig.h; sourceTree = "<group>"; };
		67CC894C181AC0BC002AC1A4 /* aiDefines.h */ = {isa = PBXFileReference; fileEncoding = 4; lastKnownFileType = sourcecode.c.h; path = aiDefines.h; sourceTree = "<group>"; };
		67CC894D181AC0BC002AC1A4 /* aiFileIO.h */ = {isa = PBXFileReference; fileEncoding = 4; lastKnownFileType = sourcecode.c.h; path = aiFileIO.h; sourceTree = "<group>"; };
		67CC894E181AC0BC002AC1A4 /* aiLight.h */ = {isa = PBXFileReference; fileEncoding = 4; lastKnownFileType = sourcecode.c.h; path = aiLight.h; sourceTree = "<group>"; };
		67CC894F181AC0BC002AC1A4 /* aiMaterial.h */ = {isa = PBXFileReference; fileEncoding = 4; lastKnownFileType = sourcecode.c.h; path = aiMaterial.h; sourceTree = "<group>"; };
		67CC8950181AC0BC002AC1A4 /* aiMaterial.inl */ = {isa = PBXFileReference; fileEncoding = 4; lastKnownFileType = text; path = aiMaterial.inl; sourceTree = "<group>"; };
		67CC8951181AC0BC002AC1A4 /* aiMatrix3x3.h */ = {isa = PBXFileReference; fileEncoding = 4; lastKnownFileType = sourcecode.c.h; path = aiMatrix3x3.h; sourceTree = "<group>"; };
		67CC8952181AC0BC002AC1A4 /* aiMatrix3x3.inl */ = {isa = PBXFileReference; fileEncoding = 4; lastKnownFileType = text; path = aiMatrix3x3.inl; sourceTree = "<group>"; };
		67CC8953181AC0BC002AC1A4 /* aiMatrix4x4.h */ = {isa = PBXFileReference; fileEncoding = 4; lastKnownFileType = sourcecode.c.h; path = aiMatrix4x4.h; sourceTree = "<group>"; };
		67CC8954181AC0BC002AC1A4 /* aiMatrix4x4.inl */ = {isa = PBXFileReference; fileEncoding = 4; lastKnownFileType = text; path = aiMatrix4x4.inl; sourceTree = "<group>"; };
		67CC8955181AC0BC002AC1A4 /* aiMesh.h */ = {isa = PBXFileReference; fileEncoding = 4; lastKnownFileType = sourcecode.c.h; path = aiMesh.h; sourceTree = "<group>"; };
		67CC8956181AC0BC002AC1A4 /* aiPostProcess.h */ = {isa = PBXFileReference; fileEncoding = 4; lastKnownFileType = sourcecode.c.h; path = aiPostProcess.h; sourceTree = "<group>"; };
		67CC8957181AC0BC002AC1A4 /* aiQuaternion.h */ = {isa = PBXFileReference; fileEncoding = 4; lastKnownFileType = sourcecode.c.h; path = aiQuaternion.h; sourceTree = "<group>"; };
		67CC8958181AC0BC002AC1A4 /* aiScene.h */ = {isa = PBXFileReference; fileEncoding = 4; lastKnownFileType = sourcecode.c.h; path = aiScene.h; sourceTree = "<group>"; };
		67CC8959181AC0BC002AC1A4 /* aiTexture.h */ = {isa = PBXFileReference; fileEncoding = 4; lastKnownFileType = sourcecode.c.h; path = aiTexture.h; sourceTree = "<group>"; };
		67CC895A181AC0BC002AC1A4 /* aiTypes.h */ = {isa = PBXFileReference; fileEncoding = 4; lastKnownFileType = sourcecode.c.h; path = aiTypes.h; sourceTree = "<group>"; };
		67CC895B181AC0BC002AC1A4 /* aiVector2D.h */ = {isa = PBXFileReference; fileEncoding = 4; lastKnownFileType = sourcecode.c.h; path = aiVector2D.h; sourceTree = "<group>"; };
		67CC895C181AC0BC002AC1A4 /* aiVector3D.h */ = {isa = PBXFileReference; fileEncoding = 4; lastKnownFileType = sourcecode.c.h; path = aiVector3D.h; sourceTree = "<group>"; };
		67CC895D181AC0BC002AC1A4 /* aiVector3D.inl */ = {isa = PBXFileReference; fileEncoding = 4; lastKnownFileType = text; path = aiVector3D.inl; sourceTree = "<group>"; };
		67CC895E181AC0BC002AC1A4 /* aiVersion.h */ = {isa = PBXFileReference; fileEncoding = 4; lastKnownFileType = sourcecode.c.h; path = aiVersion.h; sourceTree = "<group>"; };
		67CC895F181AC0BC002AC1A4 /* assimp.h */ = {isa = PBXFileReference; fileEncoding = 4; lastKnownFileType = sourcecode.c.h; path = assimp.h; sourceTree = "<group>"; };
		67CC8960181AC0BC002AC1A4 /* assimp.hpp */ = {isa = PBXFileReference; fileEncoding = 4; lastKnownFileType = sourcecode.cpp.h; path = assimp.hpp; sourceTree = "<group>"; };
		67CC8962181AC0BC002AC1A4 /* poppack1.h */ = {isa = PBXFileReference; fileEncoding = 4; lastKnownFileType = sourcecode.c.h; path = poppack1.h; sourceTree = "<group>"; };
		67CC8963181AC0BC002AC1A4 /* pushpack1.h */ = {isa = PBXFileReference; fileEncoding = 4; lastKnownFileType = sourcecode.c.h; path = pushpack1.h; sourceTree = "<group>"; };
		67CC8964181AC0BC002AC1A4 /* DefaultLogger.h */ = {isa = PBXFileReference; fileEncoding = 4; lastKnownFileType = sourcecode.c.h; path = DefaultLogger.h; sourceTree = "<group>"; };
		67CC8965181AC0BC002AC1A4 /* IOStream.h */ = {isa = PBXFileReference; fileEncoding = 4; lastKnownFileType = sourcecode.c.h; path = IOStream.h; sourceTree = "<group>"; };
		67CC8966181AC0BC002AC1A4 /* IOSystem.h */ = {isa = PBXFileReference; fileEncoding = 4; lastKnownFileType = sourcecode.c.h; path = IOSystem.h; sourceTree = "<group>"; };
		67CC8967181AC0BC002AC1A4 /* Logger.h */ = {isa = PBXFileReference; fileEncoding = 4; lastKnownFileType = sourcecode.c.h; path = Logger.h; sourceTree = "<group>"; };
		67CC8968181AC0BC002AC1A4 /* LogStream.h */ = {isa = PBXFileReference; fileEncoding = 4; lastKnownFileType = sourcecode.c.h; path = LogStream.h; sourceTree = "<group>"; };
		67CC8969181AC0BC002AC1A4 /* NullLogger.h */ = {isa = PBXFileReference; fileEncoding = 4; lastKnownFileType = sourcecode.c.h; path = NullLogger.h; sourceTree = "<group>"; };
		67CC896A181AC0BC002AC1A4 /* ProgressHandler.h */ = {isa = PBXFileReference; fileEncoding = 4; lastKnownFileType = sourcecode.c.h; path = ProgressHandler.h; sourceTree = "<group>"; };
		67CC896D181AC0BC002AC1A4 /* assimp.a */ = {isa = PBXFileReference; lastKnownFileType = archive.ar; path = assimp.a; sourceTree = "<group>"; };
		67CC896F181AC0BC002AC1A4 /* ofxAssimpAnimation.cpp */ = {isa = PBXFileReference; fileEncoding = 4; lastKnownFileType = sourcecode.cpp.cpp; path = ofxAssimpAnimation.cpp; sourceTree = "<group>"; };
		67CC8970181AC0BC002AC1A4 /* ofxAssimpAnimation.h */ = {isa = PBXFileReference; fileEncoding = 4; lastKnownFileType = sourcecode.c.h; path = ofxAssimpAnimation.h; sourceTree = "<group>"; };
		67CC8971181AC0BC002AC1A4 /* ofxAssimpMeshHelper.cpp */ = {isa = PBXFileReference; fileEncoding = 4; lastKnownFileType = sourcecode.cpp.cpp; path = ofxAssimpMeshHelper.cpp; sourceTree = "<group>"; };
		67CC8972181AC0BC002AC1A4 /* ofxAssimpMeshHelper.h */ = {isa = PBXFileReference; fileEncoding = 4; lastKnownFileType = sourcecode.c.h; path = ofxAssimpMeshHelper.h; sourceTree = "<group>"; };
		67CC8973181AC0BC002AC1A4 /* ofxAssimpModelLoader.cpp */ = {isa = PBXFileReference; fileEncoding = 4; lastKnownFileType = sourcecode.cpp.cpp; path = ofxAssimpModelLoader.cpp; sourceTree = "<group>"; };
		67CC8974181AC0BC002AC1A4 /* ofxAssimpModelLoader.h */ = {isa = PBXFileReference; fileEncoding = 4; lastKnownFileType = sourcecode.c.h; path = ofxAssimpModelLoader.h; sourceTree = "<group>"; };
		67CC8975181AC0BC002AC1A4 /* ofxAssimpTexture.cpp */ = {isa = PBXFileReference; fileEncoding = 4; lastKnownFileType = sourcecode.cpp.cpp; path = ofxAssimpTexture.cpp; sourceTree = "<group>"; };
		67CC8976181AC0BC002AC1A4 /* ofxAssimpTexture.h */ = {isa = PBXFileReference; fileEncoding = 4; lastKnownFileType = sourcecode.c.h; path = ofxAssimpTexture.h; sourceTree = "<group>"; };
		67CC8977181AC0BC002AC1A4 /* ofxAssimpUtils.h */ = {isa = PBXFileReference; fileEncoding = 4; lastKnownFileType = sourcecode.c.h; path = ofxAssimpUtils.h; sourceTree = "<group>"; };
		67CC897D181AC245002AC1A4 /* MotionSensor3D.h */ = {isa = PBXFileReference; lastKnownFileType = sourcecode.c.h; path = MotionSensor3D.h; sourceTree = "<group>"; };
		67CC897E181AC253002AC1A4 /* MotionSensor3D.cpp */ = {isa = PBXFileReference; fileEncoding = 4; lastKnownFileType = sourcecode.cpp.cpp; path = MotionSensor3D.cpp; sourceTree = "<group>"; };
		67CDA0D718165464003FF7EE /* ofxPlotSlider.h */ = {isa = PBXFileReference; lastKnownFileType = sourcecode.c.h; path = ofxPlotSlider.h; sourceTree = "<group>"; };
		67CDA0D818165479003FF7EE /* ofxPlotSlider.cpp */ = {isa = PBXFileReference; fileEncoding = 4; lastKnownFileType = sourcecode.cpp.cpp; path = ofxPlotSlider.cpp; sourceTree = "<group>"; };
		67F799721820FC4A0028C43C /* NavigationMenu.cpp */ = {isa = PBXFileReference; fileEncoding = 4; lastKnownFileType = sourcecode.cpp.cpp; path = NavigationMenu.cpp; sourceTree = "<group>"; };
		67F799731820FC4A0028C43C /* NavigationMenu.h */ = {isa = PBXFileReference; fileEncoding = 4; lastKnownFileType = sourcecode.c.h; path = NavigationMenu.h; sourceTree = "<group>"; };
		BBAB23BE13894E4700AA2426 /* GLUT.framework */ = {isa = PBXFileReference; lastKnownFileType = wrapper.framework; name = GLUT.framework; path = ../../../libs/glut/lib/osx/GLUT.framework; sourceTree = "<group>"; };
		E4328143138ABC890047C5CB /* openFrameworksLib.xcodeproj */ = {isa = PBXFileReference; lastKnownFileType = "wrapper.pb-project"; name = openFrameworksLib.xcodeproj; path = ../../../libs/openFrameworksCompiled/project/osx/openFrameworksLib.xcodeproj; sourceTree = SOURCE_ROOT; };
		E45BE9710E8CC7DD009D7055 /* AGL.framework */ = {isa = PBXFileReference; lastKnownFileType = wrapper.framework; name = AGL.framework; path = /System/Library/Frameworks/AGL.framework; sourceTree = "<absolute>"; };
		E45BE9720E8CC7DD009D7055 /* ApplicationServices.framework */ = {isa = PBXFileReference; lastKnownFileType = wrapper.framework; name = ApplicationServices.framework; path = /System/Library/Frameworks/ApplicationServices.framework; sourceTree = "<absolute>"; };
		E45BE9730E8CC7DD009D7055 /* AudioToolbox.framework */ = {isa = PBXFileReference; lastKnownFileType = wrapper.framework; name = AudioToolbox.framework; path = /System/Library/Frameworks/AudioToolbox.framework; sourceTree = "<absolute>"; };
		E45BE9740E8CC7DD009D7055 /* Carbon.framework */ = {isa = PBXFileReference; lastKnownFileType = wrapper.framework; name = Carbon.framework; path = /System/Library/Frameworks/Carbon.framework; sourceTree = "<absolute>"; };
		E45BE9750E8CC7DD009D7055 /* CoreAudio.framework */ = {isa = PBXFileReference; lastKnownFileType = wrapper.framework; name = CoreAudio.framework; path = /System/Library/Frameworks/CoreAudio.framework; sourceTree = "<absolute>"; };
		E45BE9760E8CC7DD009D7055 /* CoreFoundation.framework */ = {isa = PBXFileReference; lastKnownFileType = wrapper.framework; name = CoreFoundation.framework; path = /System/Library/Frameworks/CoreFoundation.framework; sourceTree = "<absolute>"; };
		E45BE9770E8CC7DD009D7055 /* CoreServices.framework */ = {isa = PBXFileReference; lastKnownFileType = wrapper.framework; name = CoreServices.framework; path = /System/Library/Frameworks/CoreServices.framework; sourceTree = "<absolute>"; };
		E45BE9790E8CC7DD009D7055 /* OpenGL.framework */ = {isa = PBXFileReference; lastKnownFileType = wrapper.framework; name = OpenGL.framework; path = /System/Library/Frameworks/OpenGL.framework; sourceTree = "<absolute>"; };
		E45BE97A0E8CC7DD009D7055 /* QuickTime.framework */ = {isa = PBXFileReference; lastKnownFileType = wrapper.framework; name = QuickTime.framework; path = /System/Library/Frameworks/QuickTime.framework; sourceTree = "<absolute>"; };
		E4B69E1D0A3A1BDC003C02F2 /* main.cpp */ = {isa = PBXFileReference; fileEncoding = 30; lastKnownFileType = sourcecode.cpp.cpp; name = main.cpp; path = src/main.cpp; sourceTree = SOURCE_ROOT; };
		E4B69E1E0A3A1BDC003C02F2 /* testApp.cpp */ = {isa = PBXFileReference; explicitFileType = sourcecode.cpp.cpp; fileEncoding = 30; name = testApp.cpp; path = src/testApp.cpp; sourceTree = SOURCE_ROOT; };
		E4B69E1F0A3A1BDC003C02F2 /* testApp.h */ = {isa = PBXFileReference; fileEncoding = 30; lastKnownFileType = sourcecode.c.h; name = testApp.h; path = src/testApp.h; sourceTree = SOURCE_ROOT; };
		E4B6FCAD0C3E899E008CF71C /* openFrameworks-Info.plist */ = {isa = PBXFileReference; fileEncoding = 30; lastKnownFileType = text.plist.xml; path = "openFrameworks-Info.plist"; sourceTree = "<group>"; };
		E4C2424410CC5A17004149E2 /* AppKit.framework */ = {isa = PBXFileReference; lastKnownFileType = wrapper.framework; name = AppKit.framework; path = /System/Library/Frameworks/AppKit.framework; sourceTree = "<absolute>"; };
		E4C2424510CC5A17004149E2 /* Cocoa.framework */ = {isa = PBXFileReference; lastKnownFileType = wrapper.framework; name = Cocoa.framework; path = /System/Library/Frameworks/Cocoa.framework; sourceTree = "<absolute>"; };
		E4C2424610CC5A17004149E2 /* IOKit.framework */ = {isa = PBXFileReference; lastKnownFileType = wrapper.framework; name = IOKit.framework; path = /System/Library/Frameworks/IOKit.framework; sourceTree = "<absolute>"; };
		E4EB691F138AFCF100A09F29 /* CoreOF.xcconfig */ = {isa = PBXFileReference; fileEncoding = 4; lastKnownFileType = text.xcconfig; name = CoreOF.xcconfig; path = ../../../libs/openFrameworksCompiled/project/osx/CoreOF.xcconfig; sourceTree = SOURCE_ROOT; };
		E4EB6923138AFD0F00A09F29 /* Project.xcconfig */ = {isa = PBXFileReference; fileEncoding = 4; lastKnownFileType = text.xcconfig; path = Project.xcconfig; sourceTree = "<group>"; };
		E7E077E415D3B63C0020DFD4 /* CoreVideo.framework */ = {isa = PBXFileReference; lastKnownFileType = wrapper.framework; name = CoreVideo.framework; path = /System/Library/Frameworks/CoreVideo.framework; sourceTree = "<absolute>"; };
		E7E077E715D3B6510020DFD4 /* QTKit.framework */ = {isa = PBXFileReference; lastKnownFileType = wrapper.framework; name = QTKit.framework; path = /System/Library/Frameworks/QTKit.framework; sourceTree = "<absolute>"; };
		E7F985F515E0DE99003869B5 /* Accelerate.framework */ = {isa = PBXFileReference; lastKnownFileType = wrapper.framework; name = Accelerate.framework; path = /System/Library/Frameworks/Accelerate.framework; sourceTree = "<absolute>"; };
/* End PBXFileReference section */

/* Begin PBXFrameworksBuildPhase section */
		E4B69B590A3A1756003C02F2 /* Frameworks */ = {
			isa = PBXFrameworksBuildPhase;
			buildActionMask = 2147483647;
			files = (
				E7F985F815E0DEA3003869B5 /* Accelerate.framework in Frameworks */,
				E7E077E815D3B6510020DFD4 /* QTKit.framework in Frameworks */,
				E4EB6799138ADC1D00A09F29 /* GLUT.framework in Frameworks */,
				E4328149138ABC9F0047C5CB /* openFrameworksDebug.a in Frameworks */,
				E45BE97B0E8CC7DD009D7055 /* AGL.framework in Frameworks */,
				E45BE97C0E8CC7DD009D7055 /* ApplicationServices.framework in Frameworks */,
				E45BE97D0E8CC7DD009D7055 /* AudioToolbox.framework in Frameworks */,
				E45BE97E0E8CC7DD009D7055 /* Carbon.framework in Frameworks */,
				E45BE97F0E8CC7DD009D7055 /* CoreAudio.framework in Frameworks */,
				E45BE9800E8CC7DD009D7055 /* CoreFoundation.framework in Frameworks */,
				E45BE9810E8CC7DD009D7055 /* CoreServices.framework in Frameworks */,
				E45BE9830E8CC7DD009D7055 /* OpenGL.framework in Frameworks */,
				E45BE9840E8CC7DD009D7055 /* QuickTime.framework in Frameworks */,
				E4C2424710CC5A17004149E2 /* AppKit.framework in Frameworks */,
				E4C2424810CC5A17004149E2 /* Cocoa.framework in Frameworks */,
				E4C2424910CC5A17004149E2 /* IOKit.framework in Frameworks */,
				E7E077E515D3B63C0020DFD4 /* CoreVideo.framework in Frameworks */,
				67CC8978181AC0BC002AC1A4 /* assimp.a in Frameworks */,
			);
			runOnlyForDeploymentPostprocessing = 0;
		};
/* End PBXFrameworksBuildPhase section */

/* Begin PBXGroup section */
		671B3F28181C12F200CCF71C /* ofxVectorGraphics */ = {
			isa = PBXGroup;
			children = (
				671B3F29181C12F200CCF71C /* libs */,
				671B3F2D181C12F200CCF71C /* src */,
			);
			name = ofxVectorGraphics;
			path = ../../../addons/ofxVectorGraphics;
			sourceTree = "<group>";
		};
		671B3F29181C12F200CCF71C /* libs */ = {
			isa = PBXGroup;
			children = (
				671B3F2A181C12F200CCF71C /* CreEPS.cpp */,
				671B3F2B181C12F200CCF71C /* CreEPS.hpp */,
				671B3F2C181C12F200CCF71C /* CreEPS_Types.hpp */,
			);
			path = libs;
			sourceTree = "<group>";
		};
		671B3F2D181C12F200CCF71C /* src */ = {
			isa = PBXGroup;
			children = (
				671B3F2E181C12F200CCF71C /* ofxVectorGraphics.cpp */,
				671B3F2F181C12F200CCF71C /* ofxVectorGraphics.h */,
			);
			path = src;
			sourceTree = "<group>";
		};
		671B3F33181C216900CCF71C /* ofxTimer */ = {
			isa = PBXGroup;
			children = (
				671B3F34181C216900CCF71C /* src */,
			);
			name = ofxTimer;
			path = ../../../addons/ofxTimer;
			sourceTree = "<group>";
		};
		671B3F34181C216900CCF71C /* src */ = {
			isa = PBXGroup;
			children = (
				671B3F35181C216900CCF71C /* ofxTimer.cpp */,
				671B3F36181C216900CCF71C /* ofxTimer.h */,
			);
			path = src;
			sourceTree = "<group>";
		};
		6747D8A3182296D2005A37A6 /* ofxNetwork */ = {
			isa = PBXGroup;
			children = (
				6747D8A4182296D2005A37A6 /* docs */,
				6747D8A6182296D2005A37A6 /* src */,
			);
			name = ofxNetwork;
			path = ../../../addons/ofxNetwork;
			sourceTree = "<group>";
		};
		6747D8A4182296D2005A37A6 /* docs */ = {
			isa = PBXGroup;
			children = (
				6747D8A5182296D2005A37A6 /* Instructions.txt */,
			);
			path = docs;
			sourceTree = "<group>";
		};
		6747D8A6182296D2005A37A6 /* src */ = {
			isa = PBXGroup;
			children = (
				6747D8A7182296D2005A37A6 /* ofxNetwork.h */,
				6747D8A8182296D2005A37A6 /* ofxNetworkUtils.h */,
				6747D8A9182296D2005A37A6 /* ofxTCPClient.cpp */,
				6747D8AA182296D2005A37A6 /* ofxTCPClient.h */,
				6747D8AB182296D2005A37A6 /* ofxTCPManager.cpp */,
				6747D8AC182296D2005A37A6 /* ofxTCPManager.h */,
				6747D8AD182296D2005A37A6 /* ofxTCPServer.cpp */,
				6747D8AE182296D2005A37A6 /* ofxTCPServer.h */,
				6747D8AF182296D2005A37A6 /* ofxUDPManager.cpp */,
				6747D8B0182296D2005A37A6 /* ofxUDPManager.h */,
			);
			path = src;
			sourceTree = "<group>";
		};
		67CC8941181AC0BC002AC1A4 /* ofxAssimpModelLoader */ = {
			isa = PBXGroup;
			children = (
				67CC8942181AC0BC002AC1A4 /* addon_config.mk */,
				67CC8943181AC0BC002AC1A4 /* libs */,
				67CC896E181AC0BC002AC1A4 /* src */,
			);
			name = ofxAssimpModelLoader;
			path = ../../../addons/ofxAssimpModelLoader;
			sourceTree = "<group>";
		};
		67CC8943181AC0BC002AC1A4 /* libs */ = {
			isa = PBXGroup;
			children = (
				67CC8944181AC0BC002AC1A4 /* assimp */,
			);
			path = libs;
			sourceTree = "<group>";
		};
		67CC8944181AC0BC002AC1A4 /* assimp */ = {
			isa = PBXGroup;
			children = (
				67CC8945181AC0BC002AC1A4 /* include */,
				67CC896B181AC0BC002AC1A4 /* lib */,
			);
			path = assimp;
			sourceTree = "<group>";
		};
		67CC8945181AC0BC002AC1A4 /* include */ = {
			isa = PBXGroup;
			children = (
				67CC8946181AC0BC002AC1A4 /* aiAnim.h */,
				67CC8947181AC0BC002AC1A4 /* aiAssert.h */,
				67CC8948181AC0BC002AC1A4 /* aiCamera.h */,
				67CC8949181AC0BC002AC1A4 /* aiColor4D.h */,
				67CC894A181AC0BC002AC1A4 /* aiColor4D.inl */,
				67CC894B181AC0BC002AC1A4 /* aiConfig.h */,
				67CC894C181AC0BC002AC1A4 /* aiDefines.h */,
				67CC894D181AC0BC002AC1A4 /* aiFileIO.h */,
				67CC894E181AC0BC002AC1A4 /* aiLight.h */,
				67CC894F181AC0BC002AC1A4 /* aiMaterial.h */,
				67CC8950181AC0BC002AC1A4 /* aiMaterial.inl */,
				67CC8951181AC0BC002AC1A4 /* aiMatrix3x3.h */,
				67CC8952181AC0BC002AC1A4 /* aiMatrix3x3.inl */,
				67CC8953181AC0BC002AC1A4 /* aiMatrix4x4.h */,
				67CC8954181AC0BC002AC1A4 /* aiMatrix4x4.inl */,
				67CC8955181AC0BC002AC1A4 /* aiMesh.h */,
				67CC8956181AC0BC002AC1A4 /* aiPostProcess.h */,
				67CC8957181AC0BC002AC1A4 /* aiQuaternion.h */,
				67CC8958181AC0BC002AC1A4 /* aiScene.h */,
				67CC8959181AC0BC002AC1A4 /* aiTexture.h */,
				67CC895A181AC0BC002AC1A4 /* aiTypes.h */,
				67CC895B181AC0BC002AC1A4 /* aiVector2D.h */,
				67CC895C181AC0BC002AC1A4 /* aiVector3D.h */,
				67CC895D181AC0BC002AC1A4 /* aiVector3D.inl */,
				67CC895E181AC0BC002AC1A4 /* aiVersion.h */,
				67CC895F181AC0BC002AC1A4 /* assimp.h */,
				67CC8960181AC0BC002AC1A4 /* assimp.hpp */,
				67CC8961181AC0BC002AC1A4 /* Compiler */,
				67CC8964181AC0BC002AC1A4 /* DefaultLogger.h */,
				67CC8965181AC0BC002AC1A4 /* IOStream.h */,
				67CC8966181AC0BC002AC1A4 /* IOSystem.h */,
				67CC8967181AC0BC002AC1A4 /* Logger.h */,
				67CC8968181AC0BC002AC1A4 /* LogStream.h */,
				67CC8969181AC0BC002AC1A4 /* NullLogger.h */,
				67CC896A181AC0BC002AC1A4 /* ProgressHandler.h */,
			);
			path = include;
			sourceTree = "<group>";
		};
		67CC8961181AC0BC002AC1A4 /* Compiler */ = {
			isa = PBXGroup;
			children = (
				67CC8962181AC0BC002AC1A4 /* poppack1.h */,
				67CC8963181AC0BC002AC1A4 /* pushpack1.h */,
			);
			path = Compiler;
			sourceTree = "<group>";
		};
		67CC896B181AC0BC002AC1A4 /* lib */ = {
			isa = PBXGroup;
			children = (
				67CC896C181AC0BC002AC1A4 /* osx */,
			);
			path = lib;
			sourceTree = "<group>";
		};
		67CC896C181AC0BC002AC1A4 /* osx */ = {
			isa = PBXGroup;
			children = (
				67CC896D181AC0BC002AC1A4 /* assimp.a */,
			);
			path = osx;
			sourceTree = "<group>";
		};
		67CC896E181AC0BC002AC1A4 /* src */ = {
			isa = PBXGroup;
			children = (
				67CC896F181AC0BC002AC1A4 /* ofxAssimpAnimation.cpp */,
				67CC8970181AC0BC002AC1A4 /* ofxAssimpAnimation.h */,
				67CC8971181AC0BC002AC1A4 /* ofxAssimpMeshHelper.cpp */,
				67CC8972181AC0BC002AC1A4 /* ofxAssimpMeshHelper.h */,
				67CC8973181AC0BC002AC1A4 /* ofxAssimpModelLoader.cpp */,
				67CC8974181AC0BC002AC1A4 /* ofxAssimpModelLoader.h */,
				67CC8975181AC0BC002AC1A4 /* ofxAssimpTexture.cpp */,
				67CC8976181AC0BC002AC1A4 /* ofxAssimpTexture.h */,
				67CC8977181AC0BC002AC1A4 /* ofxAssimpUtils.h */,
			);
			path = src;
			sourceTree = "<group>";
		};
		BB4B014C10F69532006C3DED /* addons */ = {
			isa = PBXGroup;
			children = (
				6747D8A3182296D2005A37A6 /* ofxNetwork */,
				671B3F33181C216900CCF71C /* ofxTimer */,
				671B3F28181C12F200CCF71C /* ofxVectorGraphics */,
				67CC8941181AC0BC002AC1A4 /* ofxAssimpModelLoader */,
			);
			name = addons;
			sourceTree = "<group>";
		};
		BBAB23C913894ECA00AA2426 /* system frameworks */ = {
			isa = PBXGroup;
			children = (
				E7F985F515E0DE99003869B5 /* Accelerate.framework */,
				E4C2424410CC5A17004149E2 /* AppKit.framework */,
				E4C2424510CC5A17004149E2 /* Cocoa.framework */,
				E4C2424610CC5A17004149E2 /* IOKit.framework */,
				E45BE9710E8CC7DD009D7055 /* AGL.framework */,
				E45BE9720E8CC7DD009D7055 /* ApplicationServices.framework */,
				E45BE9730E8CC7DD009D7055 /* AudioToolbox.framework */,
				E45BE9740E8CC7DD009D7055 /* Carbon.framework */,
				E45BE9750E8CC7DD009D7055 /* CoreAudio.framework */,
				E45BE9760E8CC7DD009D7055 /* CoreFoundation.framework */,
				E45BE9770E8CC7DD009D7055 /* CoreServices.framework */,
				E45BE9790E8CC7DD009D7055 /* OpenGL.framework */,
				E45BE97A0E8CC7DD009D7055 /* QuickTime.framework */,
				E7E077E415D3B63C0020DFD4 /* CoreVideo.framework */,
				E7E077E715D3B6510020DFD4 /* QTKit.framework */,
			);
			name = "system frameworks";
			sourceTree = "<group>";
		};
		BBAB23CA13894EDB00AA2426 /* 3rd party frameworks */ = {
			isa = PBXGroup;
			children = (
				BBAB23BE13894E4700AA2426 /* GLUT.framework */,
			);
			name = "3rd party frameworks";
			sourceTree = "<group>";
		};
		E4328144138ABC890047C5CB /* Products */ = {
			isa = PBXGroup;
			children = (
				E4328148138ABC890047C5CB /* openFrameworksDebug.a */,
			);
			name = Products;
			sourceTree = "<group>";
		};
		E45BE5980E8CC70C009D7055 /* frameworks */ = {
			isa = PBXGroup;
			children = (
				BBAB23CA13894EDB00AA2426 /* 3rd party frameworks */,
				BBAB23C913894ECA00AA2426 /* system frameworks */,
			);
			name = frameworks;
			sourceTree = "<group>";
		};
		E4B69B4A0A3A1720003C02F2 = {
			isa = PBXGroup;
			children = (
				E4B6FCAD0C3E899E008CF71C /* openFrameworks-Info.plist */,
				E4EB6923138AFD0F00A09F29 /* Project.xcconfig */,
				E4B69E1C0A3A1BDC003C02F2 /* src */,
				E4EEC9E9138DF44700A80321 /* openFrameworks */,
				BB4B014C10F69532006C3DED /* addons */,
				E45BE5980E8CC70C009D7055 /* frameworks */,
				670B8315181F57ED00382C60 /* LightingDataVisualizerDebug.app */,
			);
			sourceTree = "<group>";
		};
		E4B69E1C0A3A1BDC003C02F2 /* src */ = {
			isa = PBXGroup;
			children = (
				E4B69E1D0A3A1BDC003C02F2 /* main.cpp */,
				E4B69E1E0A3A1BDC003C02F2 /* testApp.cpp */,
				E4B69E1F0A3A1BDC003C02F2 /* testApp.h */,
				67C6A891180AC1F600B290AB /* ofxPlot.h */,
				67C6A892180AC20A00B290AB /* ofxPlot.cpp */,
				67C6A894180AC22200B290AB /* ofxPlotLine.h */,
				67C6A895180AC23400B290AB /* ofxPlotLine.cpp */,
				67CDA0D718165464003FF7EE /* ofxPlotSlider.h */,
				67CDA0D818165479003FF7EE /* ofxPlotSlider.cpp */,
				6751364118192025007EC293 /* ofxPlotButton.h */,
				6751364218192035007EC293 /* ofxPlotButton.cpp */,
				6751364718196B2C007EC293 /* ofxPlotUtil.h */,
				6751364818196B3B007EC293 /* ofxPlotUtil.cpp */,
				6751364D181999E9007EC293 /* MotionSensor2D.h */,
				6751364E181999F5007EC293 /* MotionSensor2D.cpp */,
				6751365018199AD3007EC293 /* ETRILighting.h */,
				675136541819A05A007EC293 /* Sensor.h */,
				675136551819A068007EC293 /* Sensor.cpp */,
				67CC897D181AC245002AC1A4 /* MotionSensor3D.h */,
				67CC897E181AC253002AC1A4 /* MotionSensor3D.cpp */,
				671B3F17181BDCFF00CCF71C /* PressAltSensor.cpp */,
				671B3F18181BDCFF00CCF71C /* PressAltSensor.h */,
				671B3F1A181BE9D900CCF71C /* TempHumidSensor.cpp */,
				671B3F1B181BE9D900CCF71C /* TempHumidSensor.h */,
				671B3F1D181BEA0F00CCF71C /* ColorSensor.cpp */,
				671B3F1E181BEA0F00CCF71C /* ColorSensor.h */,
				671B3F20181BEA1900CCF71C /* LuxSensor.cpp */,
				671B3F21181BEA1900CCF71C /* LuxSensor.h */,
				671B3F23181BEE6F00CCF71C /* TouchSensor.cpp */,
				671B3F24181BEE6F00CCF71C /* TouchSensor.h */,
				670B8319181F914800382C60 /* ofxDAQButton.cpp */,
				670B831A181F914800382C60 /* ofxDAQButton.h */,
				67F799721820FC4A0028C43C /* NavigationMenu.cpp */,
				67F799731820FC4A0028C43C /* NavigationMenu.h */,
				67A4E4EB1830C3E200588E56 /* DemoViewer.cpp */,
				67A4E4EC1830C3E200588E56 /* DemoViewer.h */,
			);
			path = src;
			sourceTree = SOURCE_ROOT;
		};
		E4EEC9E9138DF44700A80321 /* openFrameworks */ = {
			isa = PBXGroup;
			children = (
				E4EB691F138AFCF100A09F29 /* CoreOF.xcconfig */,
				E4328143138ABC890047C5CB /* openFrameworksLib.xcodeproj */,
			);
			name = openFrameworks;
			sourceTree = "<group>";
		};
/* End PBXGroup section */

/* Begin PBXNativeTarget section */
		E4B69B5A0A3A1756003C02F2 /* LightingDataVisualizer */ = {
			isa = PBXNativeTarget;
			buildConfigurationList = E4B69B5F0A3A1757003C02F2 /* Build configuration list for PBXNativeTarget "LightingDataVisualizer" */;
			buildPhases = (
				E4B69B580A3A1756003C02F2 /* Sources */,
				E4B69B590A3A1756003C02F2 /* Frameworks */,
				E4B6FFFD0C3F9AB9008CF71C /* ShellScript */,
				E4C2427710CC5ABF004149E2 /* CopyFiles */,
			);
			buildRules = (
			);
			dependencies = (
				E4EEB9AC138B136A00A80321 /* PBXTargetDependency */,
			);
			name = LightingDataVisualizer;
			productName = myOFApp;
			productReference = 670B8315181F57ED00382C60 /* LightingDataVisualizerDebug.app */;
			productType = "com.apple.product-type.application";
		};
/* End PBXNativeTarget section */

/* Begin PBXProject section */
		E4B69B4C0A3A1720003C02F2 /* Project object */ = {
			isa = PBXProject;
			attributes = {
				LastUpgradeCheck = 0460;
			};
			buildConfigurationList = E4B69B4D0A3A1720003C02F2 /* Build configuration list for PBXProject "LightingDataVisualizer" */;
			compatibilityVersion = "Xcode 3.2";
			developmentRegion = English;
			hasScannedForEncodings = 0;
			knownRegions = (
				English,
				Japanese,
				French,
				German,
			);
			mainGroup = E4B69B4A0A3A1720003C02F2;
			productRefGroup = E4B69B4A0A3A1720003C02F2;
			projectDirPath = "";
			projectReferences = (
				{
					ProductGroup = E4328144138ABC890047C5CB /* Products */;
					ProjectRef = E4328143138ABC890047C5CB /* openFrameworksLib.xcodeproj */;
				},
			);
			projectRoot = "";
			targets = (
				E4B69B5A0A3A1756003C02F2 /* LightingDataVisualizer */,
			);
		};
/* End PBXProject section */

/* Begin PBXReferenceProxy section */
		E4328148138ABC890047C5CB /* openFrameworksDebug.a */ = {
			isa = PBXReferenceProxy;
			fileType = archive.ar;
			path = openFrameworksDebug.a;
			remoteRef = E4328147138ABC890047C5CB /* PBXContainerItemProxy */;
			sourceTree = BUILT_PRODUCTS_DIR;
		};
/* End PBXReferenceProxy section */

/* Begin PBXShellScriptBuildPhase section */
		E4B6FFFD0C3F9AB9008CF71C /* ShellScript */ = {
			isa = PBXShellScriptBuildPhase;
			buildActionMask = 2147483647;
			files = (
			);
			inputPaths = (
			);
			outputPaths = (
			);
			runOnlyForDeploymentPostprocessing = 0;
			shellPath = /bin/sh;
			shellScript = "cp -f ../../../libs/fmodex/lib/osx/libfmodex.dylib \"$TARGET_BUILD_DIR/$PRODUCT_NAME.app/Contents/MacOS/libfmodex.dylib\"; install_name_tool -change ./libfmodex.dylib @executable_path/libfmodex.dylib \"$TARGET_BUILD_DIR/$PRODUCT_NAME.app/Contents/MacOS/$PRODUCT_NAME\";\nmkdir -p \"$TARGET_BUILD_DIR/$PRODUCT_NAME.app/Contents/Resources/\"\ncp -f \"$ICON_FILE\" \"$TARGET_BUILD_DIR/$PRODUCT_NAME.app/Contents/Resources/\"\n";
		};
/* End PBXShellScriptBuildPhase section */

/* Begin PBXSourcesBuildPhase section */
		E4B69B580A3A1756003C02F2 /* Sources */ = {
			isa = PBXSourcesBuildPhase;
			buildActionMask = 2147483647;
			files = (
				E4B69E200A3A1BDC003C02F2 /* main.cpp in Sources */,
				E4B69E210A3A1BDC003C02F2 /* testApp.cpp in Sources */,
				67C6A893180AC20A00B290AB /* ofxPlot.cpp in Sources */,
				67C6A896180AC23400B290AB /* ofxPlotLine.cpp in Sources */,
				67CDA0D918165479003FF7EE /* ofxPlotSlider.cpp in Sources */,
				6751364318192035007EC293 /* ofxPlotButton.cpp in Sources */,
				6751364918196B3B007EC293 /* ofxPlotUtil.cpp in Sources */,
				6751364F181999F5007EC293 /* MotionSensor2D.cpp in Sources */,
				675136561819A068007EC293 /* Sensor.cpp in Sources */,
				67CC8979181AC0BC002AC1A4 /* ofxAssimpAnimation.cpp in Sources */,
				67CC897A181AC0BC002AC1A4 /* ofxAssimpMeshHelper.cpp in Sources */,
				67CC897B181AC0BC002AC1A4 /* ofxAssimpModelLoader.cpp in Sources */,
				67CC897C181AC0BC002AC1A4 /* ofxAssimpTexture.cpp in Sources */,
				67CC897F181AC253002AC1A4 /* MotionSensor3D.cpp in Sources */,
				671B3F19181BDD0000CCF71C /* PressAltSensor.cpp in Sources */,
				671B3F1C181BE9D900CCF71C /* TempHumidSensor.cpp in Sources */,
				671B3F1F181BEA1000CCF71C /* ColorSensor.cpp in Sources */,
				671B3F22181BEA1900CCF71C /* LuxSensor.cpp in Sources */,
				671B3F25181BEE6F00CCF71C /* TouchSensor.cpp in Sources */,
				671B3F30181C12F200CCF71C /* CreEPS.cpp in Sources */,
				671B3F31181C12F200CCF71C /* ofxVectorGraphics.cpp in Sources */,
				671B3F37181C216900CCF71C /* ofxTimer.cpp in Sources */,
				670B831B181F914900382C60 /* ofxDAQButton.cpp in Sources */,
				67F799741820FC4B0028C43C /* NavigationMenu.cpp in Sources */,
				6747D8B1182296D2005A37A6 /* ofxTCPClient.cpp in Sources */,
				6747D8B2182296D2005A37A6 /* ofxTCPManager.cpp in Sources */,
				6747D8B3182296D2005A37A6 /* ofxTCPServer.cpp in Sources */,
				6747D8B4182296D2005A37A6 /* ofxUDPManager.cpp in Sources */,
				67A4E4ED1830C3E200588E56 /* DemoViewer.cpp in Sources */,
			);
			runOnlyForDeploymentPostprocessing = 0;
		};
/* End PBXSourcesBuildPhase section */

/* Begin PBXTargetDependency section */
		E4EEB9AC138B136A00A80321 /* PBXTargetDependency */ = {
			isa = PBXTargetDependency;
			name = openFrameworks;
			targetProxy = E4EEB9AB138B136A00A80321 /* PBXContainerItemProxy */;
		};
/* End PBXTargetDependency section */

/* Begin XCBuildConfiguration section */
		E4B69B4E0A3A1720003C02F2 /* Debug */ = {
			isa = XCBuildConfiguration;
			baseConfigurationReference = E4EB6923138AFD0F00A09F29 /* Project.xcconfig */;
			buildSettings = {
				ARCHS = "$(NATIVE_ARCH)";
				CONFIGURATION_BUILD_DIR = "$(SRCROOT)/bin/";
				COPY_PHASE_STRIP = NO;
				DEAD_CODE_STRIPPING = YES;
				GCC_AUTO_VECTORIZATION = YES;
				GCC_ENABLE_SSE3_EXTENSIONS = YES;
				GCC_ENABLE_SUPPLEMENTAL_SSE3_INSTRUCTIONS = YES;
				GCC_INLINES_ARE_PRIVATE_EXTERN = NO;
				GCC_OPTIMIZATION_LEVEL = 0;
				GCC_SYMBOLS_PRIVATE_EXTERN = NO;
				GCC_WARN_ABOUT_DEPRECATED_FUNCTIONS = YES;
				GCC_WARN_ABOUT_INVALID_OFFSETOF_MACRO = NO;
				GCC_WARN_ALLOW_INCOMPLETE_PROTOCOL = NO;
				GCC_WARN_UNINITIALIZED_AUTOS = NO;
				GCC_WARN_UNUSED_VALUE = NO;
				GCC_WARN_UNUSED_VARIABLE = NO;
				MACOSX_DEPLOYMENT_TARGET = 10.6;
				OTHER_CPLUSPLUSFLAGS = (
					"-D__MACOSX_CORE__",
					"-lpthread",
					"-mtune=native",
				);
				SDKROOT = macosx10.7;
			};
			name = Debug;
		};
		E4B69B4F0A3A1720003C02F2 /* Release */ = {
			isa = XCBuildConfiguration;
			baseConfigurationReference = E4EB6923138AFD0F00A09F29 /* Project.xcconfig */;
			buildSettings = {
				ARCHS = "$(NATIVE_ARCH)";
				CONFIGURATION_BUILD_DIR = "$(SRCROOT)/bin/";
				COPY_PHASE_STRIP = YES;
				DEAD_CODE_STRIPPING = YES;
				GCC_AUTO_VECTORIZATION = YES;
				GCC_ENABLE_SSE3_EXTENSIONS = YES;
				GCC_ENABLE_SUPPLEMENTAL_SSE3_INSTRUCTIONS = YES;
				GCC_INLINES_ARE_PRIVATE_EXTERN = NO;
				GCC_OPTIMIZATION_LEVEL = 3;
				GCC_SYMBOLS_PRIVATE_EXTERN = NO;
				GCC_UNROLL_LOOPS = YES;
				GCC_WARN_ABOUT_DEPRECATED_FUNCTIONS = YES;
				GCC_WARN_ABOUT_INVALID_OFFSETOF_MACRO = NO;
				GCC_WARN_ALLOW_INCOMPLETE_PROTOCOL = NO;
				GCC_WARN_UNINITIALIZED_AUTOS = NO;
				GCC_WARN_UNUSED_VALUE = NO;
				GCC_WARN_UNUSED_VARIABLE = NO;
				MACOSX_DEPLOYMENT_TARGET = 10.6;
				OTHER_CPLUSPLUSFLAGS = (
					"-D__MACOSX_CORE__",
					"-lpthread",
					"-mtune=native",
				);
				SDKROOT = macosx10.7;
			};
			name = Release;
		};
		E4B69B600A3A1757003C02F2 /* Debug */ = {
			isa = XCBuildConfiguration;
			buildSettings = {
				COMBINE_HIDPI_IMAGES = YES;
				COPY_PHASE_STRIP = NO;
				FRAMEWORK_SEARCH_PATHS = (
					"$(inherited)",
					"$(FRAMEWORK_SEARCH_PATHS_QUOTED_FOR_TARGET_1)",
				);
				FRAMEWORK_SEARCH_PATHS_QUOTED_FOR_TARGET_1 = "\"$(SRCROOT)/../../../libs/glut/lib/osx\"";
				GCC_DYNAMIC_NO_PIC = NO;
				GCC_GENERATE_DEBUGGING_SYMBOLS = YES;
				GCC_MODEL_TUNING = NONE;
				ICON = "$(ICON_NAME_DEBUG)";
				ICON_FILE = "$(ICON_FILE_PATH)$(ICON)";
				INFOPLIST_FILE = "openFrameworks-Info.plist";
				INSTALL_PATH = "$(HOME)/Applications";
				LIBRARY_SEARCH_PATHS = (
					"$(inherited)",
					"$(LIBRARY_SEARCH_PATHS_QUOTED_FOR_TARGET_1)",
					"$(LIBRARY_SEARCH_PATHS_QUOTED_FOR_TARGET_2)",
					"$(LIBRARY_SEARCH_PATHS_QUOTED_FOR_TARGET_3)",
					"$(LIBRARY_SEARCH_PATHS_QUOTED_FOR_TARGET_4)",
					"$(LIBRARY_SEARCH_PATHS_QUOTED_FOR_TARGET_5)",
					"$(LIBRARY_SEARCH_PATHS_QUOTED_FOR_TARGET_6)",
					"$(LIBRARY_SEARCH_PATHS_QUOTED_FOR_TARGET_7)",
					"$(LIBRARY_SEARCH_PATHS_QUOTED_FOR_TARGET_8)",
					"$(LIBRARY_SEARCH_PATHS_QUOTED_FOR_TARGET_9)",
					"$(LIBRARY_SEARCH_PATHS_QUOTED_FOR_TARGET_10)",
					"$(LIBRARY_SEARCH_PATHS_QUOTED_FOR_TARGET_11)",
					"$(LIBRARY_SEARCH_PATHS_QUOTED_FOR_TARGET_12)",
					"$(LIBRARY_SEARCH_PATHS_QUOTED_FOR_TARGET_13)",
					"$(LIBRARY_SEARCH_PATHS_QUOTED_FOR_TARGET_14)",
					"$(LIBRARY_SEARCH_PATHS_QUOTED_FOR_TARGET_15)",
					"$(LIBRARY_SEARCH_PATHS_QUOTED_FOR_TARGET_2)",
					"$(LIBRARY_SEARCH_PATHS_QUOTED_FOR_TARGET_3)",
					"$(LIBRARY_SEARCH_PATHS_QUOTED_FOR_TARGET_7)",
					"$(LIBRARY_SEARCH_PATHS_QUOTED_FOR_TARGET_8)",
					"$(LIBRARY_SEARCH_PATHS_QUOTED_FOR_TARGET_9)",
					"$(LIBRARY_SEARCH_PATHS_QUOTED_FOR_TARGET_10)",
					"$(LIBRARY_SEARCH_PATHS_QUOTED_FOR_TARGET_11)",
					"$(LIBRARY_SEARCH_PATHS_QUOTED_FOR_TARGET_12)",
					"$(LIBRARY_SEARCH_PATHS_QUOTED_FOR_TARGET_13)",
					"$(LIBRARY_SEARCH_PATHS_QUOTED_FOR_TARGET_16)",
					"$(LIBRARY_SEARCH_PATHS_QUOTED_FOR_TARGET_17)",
					"$(LIBRARY_SEARCH_PATHS_QUOTED_FOR_TARGET_18)",
					"$(LIBRARY_SEARCH_PATHS_QUOTED_FOR_TARGET_19)",
					"$(LIBRARY_SEARCH_PATHS_QUOTED_FOR_TARGET_20)",
					"$(LIBRARY_SEARCH_PATHS_QUOTED_FOR_TARGET_21)",
					"$(LIBRARY_SEARCH_PATHS_QUOTED_FOR_TARGET_22)",
					"$(LIBRARY_SEARCH_PATHS_QUOTED_FOR_TARGET_23)",
					"$(LIBRARY_SEARCH_PATHS_QUOTED_FOR_TARGET_24)",
					"$(LIBRARY_SEARCH_PATHS_QUOTED_FOR_TARGET_25)",
					"$(LIBRARY_SEARCH_PATHS_QUOTED_FOR_TARGET_26)",
					"$(LIBRARY_SEARCH_PATHS_QUOTED_FOR_TARGET_27)",
					"$(LIBRARY_SEARCH_PATHS_QUOTED_FOR_TARGET_28)",
					"$(LIBRARY_SEARCH_PATHS_QUOTED_FOR_TARGET_29)",
					"$(LIBRARY_SEARCH_PATHS_QUOTED_FOR_TARGET_30)",
					"$(LIBRARY_SEARCH_PATHS_QUOTED_FOR_TARGET_31)",
					"$(LIBRARY_SEARCH_PATHS_QUOTED_FOR_TARGET_32)",
					"$(LIBRARY_SEARCH_PATHS_QUOTED_FOR_TARGET_33)",
					"$(LIBRARY_SEARCH_PATHS_QUOTED_FOR_TARGET_34)",
					"$(LIBRARY_SEARCH_PATHS_QUOTED_FOR_TARGET_35)",
					"$(LIBRARY_SEARCH_PATHS_QUOTED_FOR_TARGET_36)",
					"$(LIBRARY_SEARCH_PATHS_QUOTED_FOR_TARGET_37)",
					"$(LIBRARY_SEARCH_PATHS_QUOTED_FOR_TARGET_38)",
					"$(LIBRARY_SEARCH_PATHS_QUOTED_FOR_TARGET_39)",
					"$(LIBRARY_SEARCH_PATHS_QUOTED_FOR_TARGET_40)",
					"$(LIBRARY_SEARCH_PATHS_QUOTED_FOR_TARGET_41)",
					"$(LIBRARY_SEARCH_PATHS_QUOTED_FOR_TARGET_42)",
					"$(LIBRARY_SEARCH_PATHS_QUOTED_FOR_TARGET_43)",
					"$(LIBRARY_SEARCH_PATHS_QUOTED_FOR_TARGET_44)",
					"$(LIBRARY_SEARCH_PATHS_QUOTED_FOR_TARGET_45)",
					"$(LIBRARY_SEARCH_PATHS_QUOTED_FOR_TARGET_46)",
					"$(LIBRARY_SEARCH_PATHS_QUOTED_FOR_TARGET_47)",
					"$(LIBRARY_SEARCH_PATHS_QUOTED_FOR_TARGET_48)",
					"$(LIBRARY_SEARCH_PATHS_QUOTED_FOR_TARGET_49)",
					"$(LIBRARY_SEARCH_PATHS_QUOTED_FOR_TARGET_50)",
					"$(LIBRARY_SEARCH_PATHS_QUOTED_FOR_TARGET_51)",
					"$(LIBRARY_SEARCH_PATHS_QUOTED_FOR_TARGET_52)",
					"\"$(SRCROOT)/../../../addons/ofxAssimpModelLoader/libs/assimp/lib/osx\"",
				);
				PRODUCT_NAME = LightingDataVisualizerDebug;
				WRAPPER_EXTENSION = app;
			};
			name = Debug;
		};
		E4B69B610A3A1757003C02F2 /* Release */ = {
			isa = XCBuildConfiguration;
			buildSettings = {
				COMBINE_HIDPI_IMAGES = YES;
				COPY_PHASE_STRIP = YES;
				FRAMEWORK_SEARCH_PATHS = (
					"$(inherited)",
					"$(FRAMEWORK_SEARCH_PATHS_QUOTED_FOR_TARGET_1)",
				);
				FRAMEWORK_SEARCH_PATHS_QUOTED_FOR_TARGET_1 = "\"$(SRCROOT)/../../../libs/glut/lib/osx\"";
				GCC_GENERATE_DEBUGGING_SYMBOLS = YES;
				GCC_MODEL_TUNING = NONE;
				ICON = "$(ICON_NAME_RELEASE)";
				ICON_FILE = "$(ICON_FILE_PATH)$(ICON)";
				INFOPLIST_FILE = "openFrameworks-Info.plist";
				INSTALL_PATH = "$(HOME)/Applications";
				LIBRARY_SEARCH_PATHS = (
					"$(inherited)",
					"$(LIBRARY_SEARCH_PATHS_QUOTED_FOR_TARGET_1)",
					"$(LIBRARY_SEARCH_PATHS_QUOTED_FOR_TARGET_2)",
					"$(LIBRARY_SEARCH_PATHS_QUOTED_FOR_TARGET_3)",
					"$(LIBRARY_SEARCH_PATHS_QUOTED_FOR_TARGET_4)",
					"$(LIBRARY_SEARCH_PATHS_QUOTED_FOR_TARGET_5)",
					"$(LIBRARY_SEARCH_PATHS_QUOTED_FOR_TARGET_6)",
					"$(LIBRARY_SEARCH_PATHS_QUOTED_FOR_TARGET_7)",
					"$(LIBRARY_SEARCH_PATHS_QUOTED_FOR_TARGET_8)",
					"$(LIBRARY_SEARCH_PATHS_QUOTED_FOR_TARGET_9)",
					"$(LIBRARY_SEARCH_PATHS_QUOTED_FOR_TARGET_10)",
					"$(LIBRARY_SEARCH_PATHS_QUOTED_FOR_TARGET_11)",
					"$(LIBRARY_SEARCH_PATHS_QUOTED_FOR_TARGET_12)",
					"$(LIBRARY_SEARCH_PATHS_QUOTED_FOR_TARGET_13)",
					"$(LIBRARY_SEARCH_PATHS_QUOTED_FOR_TARGET_14)",
					"$(LIBRARY_SEARCH_PATHS_QUOTED_FOR_TARGET_15)",
					"$(LIBRARY_SEARCH_PATHS_QUOTED_FOR_TARGET_2)",
					"$(LIBRARY_SEARCH_PATHS_QUOTED_1)",
					"$(LIBRARY_SEARCH_PATHS_QUOTED_FOR_TARGET_3)",
					"$(LIBRARY_SEARCH_PATHS_QUOTED_FOR_TARGET_7)",
					"$(LIBRARY_SEARCH_PATHS_QUOTED_FOR_TARGET_8)",
					"$(LIBRARY_SEARCH_PATHS_QUOTED_FOR_TARGET_9)",
					"$(LIBRARY_SEARCH_PATHS_QUOTED_FOR_TARGET_10)",
					"$(LIBRARY_SEARCH_PATHS_QUOTED_FOR_TARGET_11)",
					"$(LIBRARY_SEARCH_PATHS_QUOTED_FOR_TARGET_12)",
					"$(LIBRARY_SEARCH_PATHS_QUOTED_FOR_TARGET_13)",
					"$(LIBRARY_SEARCH_PATHS_QUOTED_FOR_TARGET_16)",
					"$(LIBRARY_SEARCH_PATHS_QUOTED_FOR_TARGET_17)",
					"$(LIBRARY_SEARCH_PATHS_QUOTED_FOR_TARGET_18)",
					"$(LIBRARY_SEARCH_PATHS_QUOTED_FOR_TARGET_19)",
					"$(LIBRARY_SEARCH_PATHS_QUOTED_FOR_TARGET_20)",
					"$(LIBRARY_SEARCH_PATHS_QUOTED_FOR_TARGET_21)",
					"$(LIBRARY_SEARCH_PATHS_QUOTED_FOR_TARGET_22)",
					"$(LIBRARY_SEARCH_PATHS_QUOTED_FOR_TARGET_23)",
					"$(LIBRARY_SEARCH_PATHS_QUOTED_FOR_TARGET_24)",
					"$(LIBRARY_SEARCH_PATHS_QUOTED_FOR_TARGET_25)",
					"$(LIBRARY_SEARCH_PATHS_QUOTED_FOR_TARGET_26)",
					"$(LIBRARY_SEARCH_PATHS_QUOTED_FOR_TARGET_27)",
					"$(LIBRARY_SEARCH_PATHS_QUOTED_FOR_TARGET_28)",
					"$(LIBRARY_SEARCH_PATHS_QUOTED_FOR_TARGET_29)",
					"$(LIBRARY_SEARCH_PATHS_QUOTED_FOR_TARGET_30)",
					"$(LIBRARY_SEARCH_PATHS_QUOTED_FOR_TARGET_31)",
					"$(LIBRARY_SEARCH_PATHS_QUOTED_FOR_TARGET_32)",
					"$(LIBRARY_SEARCH_PATHS_QUOTED_FOR_TARGET_33)",
					"$(LIBRARY_SEARCH_PATHS_QUOTED_FOR_TARGET_34)",
					"$(LIBRARY_SEARCH_PATHS_QUOTED_FOR_TARGET_35)",
					"$(LIBRARY_SEARCH_PATHS_QUOTED_FOR_TARGET_36)",
					"$(LIBRARY_SEARCH_PATHS_QUOTED_FOR_TARGET_37)",
					"$(LIBRARY_SEARCH_PATHS_QUOTED_FOR_TARGET_38)",
					"$(LIBRARY_SEARCH_PATHS_QUOTED_FOR_TARGET_39)",
					"$(LIBRARY_SEARCH_PATHS_QUOTED_FOR_TARGET_40)",
					"$(LIBRARY_SEARCH_PATHS_QUOTED_FOR_TARGET_41)",
					"$(LIBRARY_SEARCH_PATHS_QUOTED_FOR_TARGET_42)",
					"$(LIBRARY_SEARCH_PATHS_QUOTED_FOR_TARGET_43)",
					"$(LIBRARY_SEARCH_PATHS_QUOTED_FOR_TARGET_44)",
					"$(LIBRARY_SEARCH_PATHS_QUOTED_FOR_TARGET_45)",
					"$(LIBRARY_SEARCH_PATHS_QUOTED_FOR_TARGET_46)",
					"$(LIBRARY_SEARCH_PATHS_QUOTED_FOR_TARGET_47)",
					"$(LIBRARY_SEARCH_PATHS_QUOTED_FOR_TARGET_48)",
					"$(LIBRARY_SEARCH_PATHS_QUOTED_FOR_TARGET_49)",
					"$(LIBRARY_SEARCH_PATHS_QUOTED_FOR_TARGET_50)",
					"$(LIBRARY_SEARCH_PATHS_QUOTED_FOR_TARGET_51)",
					"\"$(SRCROOT)/../../../addons/ofxAssimpModelLoader/libs/assimp/lib/osx\"",
				);
				PRODUCT_NAME = LightingDataVisualizer;
				WRAPPER_EXTENSION = app;
			};
			name = Release;
		};
/* End XCBuildConfiguration section */

/* Begin XCConfigurationList section */
		E4B69B4D0A3A1720003C02F2 /* Build configuration list for PBXProject "LightingDataVisualizer" */ = {
			isa = XCConfigurationList;
			buildConfigurations = (
				E4B69B4E0A3A1720003C02F2 /* Debug */,
				E4B69B4F0A3A1720003C02F2 /* Release */,
			);
			defaultConfigurationIsVisible = 0;
			defaultConfigurationName = Release;
		};
		E4B69B5F0A3A1757003C02F2 /* Build configuration list for PBXNativeTarget "LightingDataVisualizer" */ = {
			isa = XCConfigurationList;
			buildConfigurations = (
				E4B69B600A3A1757003C02F2 /* Debug */,
				E4B69B610A3A1757003C02F2 /* Release */,
			);
			defaultConfigurationIsVisible = 0;
			defaultConfigurationName = Release;
		};
/* End XCConfigurationList section */
	};
	rootObject = E4B69B4C0A3A1720003C02F2 /* Project object */;
}
